// !$*UTF8*$!
{
	archiveVersion = 1;
	classes = {
	};
	objectVersion = 46;
	objects = {

/* Begin PBXBuildFile section */
		15015B8A1C32595B00EDDB2A /* AppDelegate.swift in Sources */ = {isa = PBXBuildFile; fileRef = 15015B891C32595B00EDDB2A /* AppDelegate.swift */; };
		15015B8C1C32595B00EDDB2A /* ViewController.swift in Sources */ = {isa = PBXBuildFile; fileRef = 15015B8B1C32595B00EDDB2A /* ViewController.swift */; };
		15015B8F1C32595B00EDDB2A /* Main.storyboard in Resources */ = {isa = PBXBuildFile; fileRef = 15015B8D1C32595B00EDDB2A /* Main.storyboard */; };
		15015B921C32595B00EDDB2A /* SwiftyHelpClasses.xcdatamodeld in Sources */ = {isa = PBXBuildFile; fileRef = 15015B901C32595B00EDDB2A /* SwiftyHelpClasses.xcdatamodeld */; };
		15015B941C32595B00EDDB2A /* Assets.xcassets in Resources */ = {isa = PBXBuildFile; fileRef = 15015B931C32595B00EDDB2A /* Assets.xcassets */; };
		15015B971C32595B00EDDB2A /* LaunchScreen.storyboard in Resources */ = {isa = PBXBuildFile; fileRef = 15015B951C32595B00EDDB2A /* LaunchScreen.storyboard */; };
		15015BA21C32595B00EDDB2A /* SwiftyHelpClassesTests.swift in Sources */ = {isa = PBXBuildFile; fileRef = 15015BA11C32595B00EDDB2A /* SwiftyHelpClassesTests.swift */; };
		15015BAD1C32595B00EDDB2A /* SwiftyHelpClassesUITests.swift in Sources */ = {isa = PBXBuildFile; fileRef = 15015BAC1C32595B00EDDB2A /* SwiftyHelpClassesUITests.swift */; };
		15015BBC1C32596F00EDDB2A /* Help.swift in Sources */ = {isa = PBXBuildFile; fileRef = 15015BBB1C32596F00EDDB2A /* Help.swift */; };
		15015BBE1C32598E00EDDB2A /* SwiftyJSON.swift in Sources */ = {isa = PBXBuildFile; fileRef = 15015BBD1C32598E00EDDB2A /* SwiftyJSON.swift */; };
/* End PBXBuildFile section */

/* Begin PBXContainerItemProxy section */
		15015B9E1C32595B00EDDB2A /* PBXContainerItemProxy */ = {
			isa = PBXContainerItemProxy;
			containerPortal = 15015B7E1C32595B00EDDB2A /* Project object */;
			proxyType = 1;
			remoteGlobalIDString = 15015B851C32595B00EDDB2A;
			remoteInfo = SwiftyHelpClasses;
		};
		15015BA91C32595B00EDDB2A /* PBXContainerItemProxy */ = {
			isa = PBXContainerItemProxy;
			containerPortal = 15015B7E1C32595B00EDDB2A /* Project object */;
			proxyType = 1;
			remoteGlobalIDString = 15015B851C32595B00EDDB2A;
			remoteInfo = SwiftyHelpClasses;
		};
/* End PBXContainerItemProxy section */

/* Begin PBXFileReference section */
		15015B861C32595B00EDDB2A /* SwiftyHelpClasses.app */ = {isa = PBXFileReference; explicitFileType = wrapper.application; includeInIndex = 0; path = SwiftyHelpClasses.app; sourceTree = BUILT_PRODUCTS_DIR; };
		15015B891C32595B00EDDB2A /* AppDelegate.swift */ = {isa = PBXFileReference; lastKnownFileType = sourcecode.swift; path = AppDelegate.swift; sourceTree = "<group>"; };
		15015B8B1C32595B00EDDB2A /* ViewController.swift */ = {isa = PBXFileReference; lastKnownFileType = sourcecode.swift; path = ViewController.swift; sourceTree = "<group>"; };
		15015B8E1C32595B00EDDB2A /* Base */ = {isa = PBXFileReference; lastKnownFileType = file.storyboard; name = Base; path = Base.lproj/Main.storyboard; sourceTree = "<group>"; };
		15015B911C32595B00EDDB2A /* SwiftyHelpClasses.xcdatamodel */ = {isa = PBXFileReference; lastKnownFileType = wrapper.xcdatamodel; path = SwiftyHelpClasses.xcdatamodel; sourceTree = "<group>"; };
		15015B931C32595B00EDDB2A /* Assets.xcassets */ = {isa = PBXFileReference; lastKnownFileType = folder.assetcatalog; path = Assets.xcassets; sourceTree = "<group>"; };
		15015B961C32595B00EDDB2A /* Base */ = {isa = PBXFileReference; lastKnownFileType = file.storyboard; name = Base; path = Base.lproj/LaunchScreen.storyboard; sourceTree = "<group>"; };
		15015B981C32595B00EDDB2A /* Info.plist */ = {isa = PBXFileReference; lastKnownFileType = text.plist.xml; path = Info.plist; sourceTree = "<group>"; };
		15015B9D1C32595B00EDDB2A /* SwiftyHelpClassesTests.xctest */ = {isa = PBXFileReference; explicitFileType = wrapper.cfbundle; includeInIndex = 0; path = SwiftyHelpClassesTests.xctest; sourceTree = BUILT_PRODUCTS_DIR; };
		15015BA11C32595B00EDDB2A /* SwiftyHelpClassesTests.swift */ = {isa = PBXFileReference; lastKnownFileType = sourcecode.swift; path = SwiftyHelpClassesTests.swift; sourceTree = "<group>"; };
		15015BA31C32595B00EDDB2A /* Info.plist */ = {isa = PBXFileReference; lastKnownFileType = text.plist.xml; path = Info.plist; sourceTree = "<group>"; };
		15015BA81C32595B00EDDB2A /* SwiftyHelpClassesUITests.xctest */ = {isa = PBXFileReference; explicitFileType = wrapper.cfbundle; includeInIndex = 0; path = SwiftyHelpClassesUITests.xctest; sourceTree = BUILT_PRODUCTS_DIR; };
		15015BAC1C32595B00EDDB2A /* SwiftyHelpClassesUITests.swift */ = {isa = PBXFileReference; lastKnownFileType = sourcecode.swift; path = SwiftyHelpClassesUITests.swift; sourceTree = "<group>"; };
		15015BAE1C32595B00EDDB2A /* Info.plist */ = {isa = PBXFileReference; lastKnownFileType = text.plist.xml; path = Info.plist; sourceTree = "<group>"; };
		15015BBB1C32596F00EDDB2A /* Help.swift */ = {isa = PBXFileReference; fileEncoding = 4; lastKnownFileType = sourcecode.swift; path = Help.swift; sourceTree = "<group>"; };
		15015BBD1C32598E00EDDB2A /* SwiftyJSON.swift */ = {isa = PBXFileReference; fileEncoding = 4; lastKnownFileType = sourcecode.swift; path = SwiftyJSON.swift; sourceTree = "<group>"; };
/* End PBXFileReference section */

/* Begin PBXFrameworksBuildPhase section */
		15015B831C32595B00EDDB2A /* Frameworks */ = {
			isa = PBXFrameworksBuildPhase;
			buildActionMask = 2147483647;
			files = (
			);
			runOnlyForDeploymentPostprocessing = 0;
		};
		15015B9A1C32595B00EDDB2A /* Frameworks */ = {
			isa = PBXFrameworksBuildPhase;
			buildActionMask = 2147483647;
			files = (
			);
			runOnlyForDeploymentPostprocessing = 0;
		};
		15015BA51C32595B00EDDB2A /* Frameworks */ = {
			isa = PBXFrameworksBuildPhase;
			buildActionMask = 2147483647;
			files = (
			);
			runOnlyForDeploymentPostprocessing = 0;
		};
/* End PBXFrameworksBuildPhase section */

/* Begin PBXGroup section */
		15015B7D1C32595B00EDDB2A = {
			isa = PBXGroup;
			children = (
				15015B881C32595B00EDDB2A /* SwiftyHelpClasses */,
				15015BA01C32595B00EDDB2A /* SwiftyHelpClassesTests */,
				15015BAB1C32595B00EDDB2A /* SwiftyHelpClassesUITests */,
				15015B871C32595B00EDDB2A /* Products */,
			);
			sourceTree = "<group>";
		};
		15015B871C32595B00EDDB2A /* Products */ = {
			isa = PBXGroup;
			children = (
				15015B861C32595B00EDDB2A /* SwiftyHelpClasses.app */,
				15015B9D1C32595B00EDDB2A /* SwiftyHelpClassesTests.xctest */,
				15015BA81C32595B00EDDB2A /* SwiftyHelpClassesUITests.xctest */,
			);
			name = Products;
			sourceTree = "<group>";
		};
		15015B881C32595B00EDDB2A /* SwiftyHelpClasses */ = {
			isa = PBXGroup;
			children = (
				15015BBA1C32596000EDDB2A /* Help Classes */,
				15015B891C32595B00EDDB2A /* AppDelegate.swift */,
				15015B8B1C32595B00EDDB2A /* ViewController.swift */,
				15015B8D1C32595B00EDDB2A /* Main.storyboard */,
				15015B931C32595B00EDDB2A /* Assets.xcassets */,
				15015B951C32595B00EDDB2A /* LaunchScreen.storyboard */,
				15015B981C32595B00EDDB2A /* Info.plist */,
				15015B901C32595B00EDDB2A /* SwiftyHelpClasses.xcdatamodeld */,
			);
			path = SwiftyHelpClasses;
			sourceTree = "<group>";
		};
		15015BA01C32595B00EDDB2A /* SwiftyHelpClassesTests */ = {
			isa = PBXGroup;
			children = (
				15015BA11C32595B00EDDB2A /* SwiftyHelpClassesTests.swift */,
				15015BA31C32595B00EDDB2A /* Info.plist */,
			);
			path = SwiftyHelpClassesTests;
			sourceTree = "<group>";
		};
		15015BAB1C32595B00EDDB2A /* SwiftyHelpClassesUITests */ = {
			isa = PBXGroup;
			children = (
				15015BAC1C32595B00EDDB2A /* SwiftyHelpClassesUITests.swift */,
				15015BAE1C32595B00EDDB2A /* Info.plist */,
			);
			path = SwiftyHelpClassesUITests;
			sourceTree = "<group>";
		};
		15015BBA1C32596000EDDB2A /* Help Classes */ = {
			isa = PBXGroup;
			children = (
				15015BBD1C32598E00EDDB2A /* SwiftyJSON.swift */,
				15015BBB1C32596F00EDDB2A /* Help.swift */,
			);
			name = "Help Classes";
			sourceTree = "<group>";
		};
/* End PBXGroup section */

/* Begin PBXNativeTarget section */
		15015B851C32595B00EDDB2A /* SwiftyHelpClasses */ = {
			isa = PBXNativeTarget;
			buildConfigurationList = 15015BB11C32595B00EDDB2A /* Build configuration list for PBXNativeTarget "SwiftyHelpClasses" */;
			buildPhases = (
				15015B821C32595B00EDDB2A /* Sources */,
				15015B831C32595B00EDDB2A /* Frameworks */,
				15015B841C32595B00EDDB2A /* Resources */,
			);
			buildRules = (
			);
			dependencies = (
			);
			name = SwiftyHelpClasses;
			productName = SwiftyHelpClasses;
			productReference = 15015B861C32595B00EDDB2A /* SwiftyHelpClasses.app */;
			productType = "com.apple.product-type.application";
		};
		15015B9C1C32595B00EDDB2A /* SwiftyHelpClassesTests */ = {
			isa = PBXNativeTarget;
			buildConfigurationList = 15015BB41C32595B00EDDB2A /* Build configuration list for PBXNativeTarget "SwiftyHelpClassesTests" */;
			buildPhases = (
				15015B991C32595B00EDDB2A /* Sources */,
				15015B9A1C32595B00EDDB2A /* Frameworks */,
				15015B9B1C32595B00EDDB2A /* Resources */,
			);
			buildRules = (
			);
			dependencies = (
				15015B9F1C32595B00EDDB2A /* PBXTargetDependency */,
			);
			name = SwiftyHelpClassesTests;
			productName = SwiftyHelpClassesTests;
			productReference = 15015B9D1C32595B00EDDB2A /* SwiftyHelpClassesTests.xctest */;
			productType = "com.apple.product-type.bundle.unit-test";
		};
		15015BA71C32595B00EDDB2A /* SwiftyHelpClassesUITests */ = {
			isa = PBXNativeTarget;
			buildConfigurationList = 15015BB71C32595B00EDDB2A /* Build configuration list for PBXNativeTarget "SwiftyHelpClassesUITests" */;
			buildPhases = (
				15015BA41C32595B00EDDB2A /* Sources */,
				15015BA51C32595B00EDDB2A /* Frameworks */,
				15015BA61C32595B00EDDB2A /* Resources */,
			);
			buildRules = (
			);
			dependencies = (
				15015BAA1C32595B00EDDB2A /* PBXTargetDependency */,
			);
			name = SwiftyHelpClassesUITests;
			productName = SwiftyHelpClassesUITests;
			productReference = 15015BA81C32595B00EDDB2A /* SwiftyHelpClassesUITests.xctest */;
			productType = "com.apple.product-type.bundle.ui-testing";
		};
/* End PBXNativeTarget section */

/* Begin PBXProject section */
		15015B7E1C32595B00EDDB2A /* Project object */ = {
			isa = PBXProject;
			attributes = {
				LastSwiftUpdateCheck = 0720;
				LastUpgradeCheck = 0720;
				ORGANIZATIONNAME = "Sugam Kalra";
				TargetAttributes = {
					15015B851C32595B00EDDB2A = {
						CreatedOnToolsVersion = 7.2;
					};
					15015B9C1C32595B00EDDB2A = {
						CreatedOnToolsVersion = 7.2;
						TestTargetID = 15015B851C32595B00EDDB2A;
					};
					15015BA71C32595B00EDDB2A = {
						CreatedOnToolsVersion = 7.2;
						TestTargetID = 15015B851C32595B00EDDB2A;
					};
				};
			};
			buildConfigurationList = 15015B811C32595B00EDDB2A /* Build configuration list for PBXProject "SwiftyHelpClasses" */;
			compatibilityVersion = "Xcode 3.2";
			developmentRegion = English;
			hasScannedForEncodings = 0;
			knownRegions = (
				en,
				Base,
			);
			mainGroup = 15015B7D1C32595B00EDDB2A;
			productRefGroup = 15015B871C32595B00EDDB2A /* Products */;
			projectDirPath = "";
			projectRoot = "";
			targets = (
				15015B851C32595B00EDDB2A /* SwiftyHelpClasses */,
				15015B9C1C32595B00EDDB2A /* SwiftyHelpClassesTests */,
				15015BA71C32595B00EDDB2A /* SwiftyHelpClassesUITests */,
			);
		};
/* End PBXProject section */

/* Begin PBXResourcesBuildPhase section */
		15015B841C32595B00EDDB2A /* Resources */ = {
			isa = PBXResourcesBuildPhase;
			buildActionMask = 2147483647;
			files = (
				15015B971C32595B00EDDB2A /* LaunchScreen.storyboard in Resources */,
				15015B941C32595B00EDDB2A /* Assets.xcassets in Resources */,
				15015B8F1C32595B00EDDB2A /* Main.storyboard in Resources */,
			);
			runOnlyForDeploymentPostprocessing = 0;
		};
		15015B9B1C32595B00EDDB2A /* Resources */ = {
			isa = PBXResourcesBuildPhase;
			buildActionMask = 2147483647;
			files = (
			);
			runOnlyForDeploymentPostprocessing = 0;
		};
		15015BA61C32595B00EDDB2A /* Resources */ = {
			isa = PBXResourcesBuildPhase;
			buildActionMask = 2147483647;
			files = (
			);
			runOnlyForDeploymentPostprocessing = 0;
		};
/* End PBXResourcesBuildPhase section */

/* Begin PBXSourcesBuildPhase section */
		15015B821C32595B00EDDB2A /* Sources */ = {
			isa = PBXSourcesBuildPhase;
			buildActionMask = 2147483647;
			files = (
				15015B8C1C32595B00EDDB2A /* ViewController.swift in Sources */,
				15015B8A1C32595B00EDDB2A /* AppDelegate.swift in Sources */,
				15015BBC1C32596F00EDDB2A /* Help.swift in Sources */,
				15015BBE1C32598E00EDDB2A /* SwiftyJSON.swift in Sources */,
				15015B921C32595B00EDDB2A /* SwiftyHelpClasses.xcdatamodeld in Sources */,
			);
			runOnlyForDeploymentPostprocessing = 0;
		};
		15015B991C32595B00EDDB2A /* Sources */ = {
			isa = PBXSourcesBuildPhase;
			buildActionMask = 2147483647;
			files = (
				15015BA21C32595B00EDDB2A /* SwiftyHelpClassesTests.swift in Sources */,
			);
			runOnlyForDeploymentPostprocessing = 0;
		};
		15015BA41C32595B00EDDB2A /* Sources */ = {
			isa = PBXSourcesBuildPhase;
			buildActionMask = 2147483647;
			files = (
				15015BAD1C32595B00EDDB2A /* SwiftyHelpClassesUITests.swift in Sources */,
			);
			runOnlyForDeploymentPostprocessing = 0;
		};
/* End PBXSourcesBuildPhase section */

/* Begin PBXTargetDependency section */
		15015B9F1C32595B00EDDB2A /* PBXTargetDependency */ = {
			isa = PBXTargetDependency;
			target = 15015B851C32595B00EDDB2A /* SwiftyHelpClasses */;
			targetProxy = 15015B9E1C32595B00EDDB2A /* PBXContainerItemProxy */;
		};
		15015BAA1C32595B00EDDB2A /* PBXTargetDependency */ = {
			isa = PBXTargetDependency;
			target = 15015B851C32595B00EDDB2A /* SwiftyHelpClasses */;
			targetProxy = 15015BA91C32595B00EDDB2A /* PBXContainerItemProxy */;
		};
/* End PBXTargetDependency section */

/* Begin PBXVariantGroup section */
		15015B8D1C32595B00EDDB2A /* Main.storyboard */ = {
			isa = PBXVariantGroup;
			children = (
				15015B8E1C32595B00EDDB2A /* Base */,
			);
			name = Main.storyboard;
			sourceTree = "<group>";
		};
		15015B951C32595B00EDDB2A /* LaunchScreen.storyboard */ = {
			isa = PBXVariantGroup;
			children = (
				15015B961C32595B00EDDB2A /* Base */,
			);
			name = LaunchScreen.storyboard;
			sourceTree = "<group>";
		};
/* End PBXVariantGroup section */

/* Begin XCBuildConfiguration section */
		15015BAF1C32595B00EDDB2A /* Debug */ = {
			isa = XCBuildConfiguration;
			buildSettings = {
				ALWAYS_SEARCH_USER_PATHS = NO;
				CLANG_CXX_LANGUAGE_STANDARD = "gnu++0x";
				CLANG_CXX_LIBRARY = "libc++";
				CLANG_ENABLE_MODULES = YES;
				CLANG_ENABLE_OBJC_ARC = YES;
				CLANG_WARN_BOOL_CONVERSION = YES;
				CLANG_WARN_CONSTANT_CONVERSION = YES;
				CLANG_WARN_DIRECT_OBJC_ISA_USAGE = YES_ERROR;
				CLANG_WARN_EMPTY_BODY = YES;
				CLANG_WARN_ENUM_CONVERSION = YES;
				CLANG_WARN_INT_CONVERSION = YES;
				CLANG_WARN_OBJC_ROOT_CLASS = YES_ERROR;
				CLANG_WARN_UNREACHABLE_CODE = YES;
				CLANG_WARN__DUPLICATE_METHOD_MATCH = YES;
				"CODE_SIGN_IDENTITY[sdk=iphoneos*]" = "iPhone Developer";
				COPY_PHASE_STRIP = NO;
				DEBUG_INFORMATION_FORMAT = dwarf;
				ENABLE_STRICT_OBJC_MSGSEND = YES;
				ENABLE_TESTABILITY = YES;
				GCC_C_LANGUAGE_STANDARD = gnu99;
				GCC_DYNAMIC_NO_PIC = NO;
				GCC_NO_COMMON_BLOCKS = YES;
				GCC_OPTIMIZATION_LEVEL = 0;
				GCC_PREPROCESSOR_DEFINITIONS = (
					"DEBUG=1",
					"$(inherited)",
				);
				GCC_WARN_64_TO_32_BIT_CONVERSION = YES;
				GCC_WARN_ABOUT_RETURN_TYPE = YES_ERROR;
				GCC_WARN_UNDECLARED_SELECTOR = YES;
				GCC_WARN_UNINITIALIZED_AUTOS = YES_AGGRESSIVE;
				GCC_WARN_UNUSED_FUNCTION = YES;
				GCC_WARN_UNUSED_VARIABLE = YES;
				IPHONEOS_DEPLOYMENT_TARGET = 9.2;
				MTL_ENABLE_DEBUG_INFO = YES;
				ONLY_ACTIVE_ARCH = YES;
				SDKROOT = iphoneos;
				SWIFT_OPTIMIZATION_LEVEL = "-Onone";
			};
			name = Debug;
		};
		15015BB01C32595B00EDDB2A /* Release */ = {
			isa = XCBuildConfiguration;
			buildSettings = {
				ALWAYS_SEARCH_USER_PATHS = NO;
				CLANG_CXX_LANGUAGE_STANDARD = "gnu++0x";
				CLANG_CXX_LIBRARY = "libc++";
				CLANG_ENABLE_MODULES = YES;
				CLANG_ENABLE_OBJC_ARC = YES;
				CLANG_WARN_BOOL_CONVERSION = YES;
				CLANG_WARN_CONSTANT_CONVERSION = YES;
				CLANG_WARN_DIRECT_OBJC_ISA_USAGE = YES_ERROR;
				CLANG_WARN_EMPTY_BODY = YES;
				CLANG_WARN_ENUM_CONVERSION = YES;
				CLANG_WARN_INT_CONVERSION = YES;
				CLANG_WARN_OBJC_ROOT_CLASS = YES_ERROR;
				CLANG_WARN_UNREACHABLE_CODE = YES;
				CLANG_WARN__DUPLICATE_METHOD_MATCH = YES;
				"CODE_SIGN_IDENTITY[sdk=iphoneos*]" = "iPhone Developer";
				COPY_PHASE_STRIP = NO;
				DEBUG_INFORMATION_FORMAT = "dwarf-with-dsym";
				ENABLE_NS_ASSERTIONS = NO;
				ENABLE_STRICT_OBJC_MSGSEND = YES;
				GCC_C_LANGUAGE_STANDARD = gnu99;
				GCC_NO_COMMON_BLOCKS = YES;
				GCC_WARN_64_TO_32_BIT_CONVERSION = YES;
				GCC_WARN_ABOUT_RETURN_TYPE = YES_ERROR;
				GCC_WARN_UNDECLARED_SELECTOR = YES;
				GCC_WARN_UNINITIALIZED_AUTOS = YES_AGGRESSIVE;
				GCC_WARN_UNUSED_FUNCTION = YES;
				GCC_WARN_UNUSED_VARIABLE = YES;
				IPHONEOS_DEPLOYMENT_TARGET = 9.2;
				MTL_ENABLE_DEBUG_INFO = NO;
				SDKROOT = iphoneos;
				VALIDATE_PRODUCT = YES;
			};
			name = Release;
		};
		15015BB21C32595B00EDDB2A /* Debug */ = {
			isa = XCBuildConfiguration;
			buildSettings = {
				ASSETCATALOG_COMPILER_APPICON_NAME = AppIcon;
				INFOPLIST_FILE = SwiftyHelpClasses/Info.plist;
				LD_RUNPATH_SEARCH_PATHS = "$(inherited) @executable_path/Frameworks";
				PRODUCT_BUNDLE_IDENTIFIER = com.Appirio.SwiftyHelpClasses;
				PRODUCT_NAME = "$(TARGET_NAME)";
			};
			name = Debug;
		};
		15015BB31C32595B00EDDB2A /* Release */ = {
			isa = XCBuildConfiguration;
			buildSettings = {
				ASSETCATALOG_COMPILER_APPICON_NAME = AppIcon;
				INFOPLIST_FILE = SwiftyHelpClasses/Info.plist;
				LD_RUNPATH_SEARCH_PATHS = "$(inherited) @executable_path/Frameworks";
				PRODUCT_BUNDLE_IDENTIFIER = com.Appirio.SwiftyHelpClasses;
				PRODUCT_NAME = "$(TARGET_NAME)";
			};
			name = Release;
		};
		15015BB51C32595B00EDDB2A /* Debug */ = {
			isa = XCBuildConfiguration;
			buildSettings = {
				BUNDLE_LOADER = "$(TEST_HOST)";
				INFOPLIST_FILE = SwiftyHelpClassesTests/Info.plist;
				LD_RUNPATH_SEARCH_PATHS = "$(inherited) @executable_path/Frameworks @loader_path/Frameworks";
				PRODUCT_BUNDLE_IDENTIFIER = com.Appirio.SwiftyHelpClassesTests;
				PRODUCT_NAME = "$(TARGET_NAME)";
				TEST_HOST = "$(BUILT_PRODUCTS_DIR)/SwiftyHelpClasses.app/SwiftyHelpClasses";
			};
			name = Debug;
		};
		15015BB61C32595B00EDDB2A /* Release */ = {
			isa = XCBuildConfiguration;
			buildSettings = {
				BUNDLE_LOADER = "$(TEST_HOST)";
				INFOPLIST_FILE = SwiftyHelpClassesTests/Info.plist;
				LD_RUNPATH_SEARCH_PATHS = "$(inherited) @executable_path/Frameworks @loader_path/Frameworks";
				PRODUCT_BUNDLE_IDENTIFIER = com.Appirio.SwiftyHelpClassesTests;
				PRODUCT_NAME = "$(TARGET_NAME)";
				TEST_HOST = "$(BUILT_PRODUCTS_DIR)/SwiftyHelpClasses.app/SwiftyHelpClasses";
			};
			name = Release;
		};
		15015BB81C32595B00EDDB2A /* Debug */ = {
			isa = XCBuildConfiguration;
			buildSettings = {
				INFOPLIST_FILE = SwiftyHelpClassesUITests/Info.plist;
				LD_RUNPATH_SEARCH_PATHS = "$(inherited) @executable_path/Frameworks @loader_path/Frameworks";
				PRODUCT_BUNDLE_IDENTIFIER = com.Appirio.SwiftyHelpClassesUITests;
				PRODUCT_NAME = "$(TARGET_NAME)";
				TEST_TARGET_NAME = SwiftyHelpClasses;
				USES_XCTRUNNER = YES;
			};
			name = Debug;
		};
		15015BB91C32595B00EDDB2A /* Release */ = {
			isa = XCBuildConfiguration;
			buildSettings = {
				INFOPLIST_FILE = SwiftyHelpClassesUITests/Info.plist;
				LD_RUNPATH_SEARCH_PATHS = "$(inherited) @executable_path/Frameworks @loader_path/Frameworks";
				PRODUCT_BUNDLE_IDENTIFIER = com.Appirio.SwiftyHelpClassesUITests;
				PRODUCT_NAME = "$(TARGET_NAME)";
				TEST_TARGET_NAME = SwiftyHelpClasses;
				USES_XCTRUNNER = YES;
			};
			name = Release;
		};
/* End XCBuildConfiguration section */

/* Begin XCConfigurationList section */
		15015B811C32595B00EDDB2A /* Build configuration list for PBXProject "SwiftyHelpClasses" */ = {
			isa = XCConfigurationList;
			buildConfigurations = (
				15015BAF1C32595B00EDDB2A /* Debug */,
				15015BB01C32595B00EDDB2A /* Release */,
			);
			defaultConfigurationIsVisible = 0;
			defaultConfigurationName = Release;
		};
		15015BB11C32595B00EDDB2A /* Build configuration list for PBXNativeTarget "SwiftyHelpClasses" */ = {
			isa = XCConfigurationList;
			buildConfigurations = (
				15015BB21C32595B00EDDB2A /* Debug */,
				15015BB31C32595B00EDDB2A /* Release */,
			);
			defaultConfigurationIsVisible = 0;
		};
		15015BB41C32595B00EDDB2A /* Build configuration list for PBXNativeTarget "SwiftyHelpClassesTests" */ = {
			isa = XCConfigurationList;
			buildConfigurations = (
				15015BB51C32595B00EDDB2A /* Debug */,
				15015BB61C32595B00EDDB2A /* Release */,
			);
			defaultConfigurationIsVisible = 0;
		};
		15015BB71C32595B00EDDB2A /* Build configuration list for PBXNativeTarget "SwiftyHelpClassesUITests" */ = {
			isa = XCConfigurationList;
			buildConfigurations = (
				15015BB81C32595B00EDDB2A /* Debug */,
				15015BB91C32595B00EDDB2A /* Release */,
			);
			defaultConfigurationIsVisible = 0;
		};
/* End XCConfigurationList section */

/* Begin XCVersionGroup section */
		15015B901C32595B00EDDB2A /* SwiftyHelpClasses.xcdatamodeld */ = {
			isa = XCVersionGroup;
			children = (
				15015B911C32595B00EDDB2A /* SwiftyHelpClasses.xcdatamodel */,
			);
			currentVersion = 15015B911C32595B00EDDB2A /* SwiftyHelpClasses.xcdatamodel */;
			path = SwiftyHelpClasses.xcdatamodeld;
			sourceTree = "<group>";
			versionGroupType = wrapper.xcdatamodel;
		};
/* End XCVersionGroup section */
	};
	rootObject = 15015B7E1C32595B00EDDB2A /* Project object */;
}
